
Microsoft Visual Studio Solution File, Format Version 12.00
# Visual Studio Version 17
VisualStudioVersion = 17.3.32929.385
MinimumVisualStudioVersion = 10.0.40219.1
Project("{FAE04EC0-301F-11D3-BF4B-00C04F79EFBC}") = "PrettyPrintNS", "PrettyPrintNS\PrettyPrintNS.csproj", "{F3C7404F-9CCF-4B8A-81CD-6DB147FFC555}"
EndProject
Project("{FAE04EC0-301F-11D3-BF4B-00C04F79EFBC}") = "PrettyPrintNS.Tests", "PrettyPrintNS.Tests\PrettyPrintNS.Tests.csproj", "{BFF7A664-C03B-486E-9B88-817A4EEC7706}"
EndProject
Global
	GlobalSection(SolutionConfigurationPlatforms) = preSolution
		Debug|Any CPU = Debug|Any CPU
		Release|Any CPU = Release|Any CPU
	EndGlobalSection
	GlobalSection(ProjectConfigurationPlatforms) = postSolution
		{F3C7404F-9CCF-4B8A-81CD-6DB147FFC555}.Debug|Any CPU.ActiveCfg = Debug|Any CPU
		{F3C7404F-9CCF-4B8A-81CD-6DB147FFC555}.Debug|Any CPU.Build.0 = Debug|Any CPU
		{F3C7404F-9CCF-4B8A-81CD-6DB147FFC555}.Release|Any CPU.ActiveCfg = Release|Any CPU
		{F3C7404F-9CCF-4B8A-81CD-6DB147FFC555}.Release|Any CPU.Build.0 = Release|Any CPU
		{BFF7A664-C03B-486E-9B88-817A4EEC7706}.Debug|Any CPU.ActiveCfg = Debug|Any CPU
		{BFF7A664-C03B-486E-9B88-817A4EEC7706}.Debug|Any CPU.Build.0 = Debug|Any CPU
		{BFF7A664-C03B-486E-9B88-817A4EEC7706}.Release|Any CPU.ActiveCfg = Release|Any CPU
		{BFF7A664-C03B-486E-9B88-817A4EEC7706}.Release|Any CPU.Build.0 = Release|Any CPU
	EndGlobalSection
	GlobalSection(SolutionProperties) = preSolution
		HideSolutionNode = FALSE
	EndGlobalSection
	GlobalSection(ExtensibilityGlobals) = postSolution
		SolutionGuid = {DE2B44E4-FF39-472D-8129-231DE7F6B803}
	EndGlobalSection
EndGlobal
